
Microsoft Visual Studio Solution File, Format Version 12.00
# Visual Studio Version 17
VisualStudioVersion = 17.14.37012.4 d17.14
MinimumVisualStudioVersion = 10.0.40219.1
Project("{FAE04EC0-301F-11D3-BF4B-00C04F79EFBC}") = "ProvaPOO", "ProvaPOO.csproj", "{C7D2066F-E46C-4666-9273-8BDF5347E4A9}"
EndProject
Global
	GlobalSection(SolutionConfigurationPlatforms) = preSolution
		Debug|Any CPU = Debug|Any CPU
		Release|Any CPU = Release|Any CPU
	EndGlobalSection
	GlobalSection(ProjectConfigurationPlatforms) = postSolution
		{C7D2066F-E46C-4666-9273-8BDF5347E4A9}.Debug|Any CPU.ActiveCfg = Debug|Any CPU
		{C7D2066F-E46C-4666-9273-8BDF5347E4A9}.Debug|Any CPU.Build.0 = Debug|Any CPU
		{C7D2066F-E46C-4666-9273-8BDF5347E4A9}.Release|Any CPU.ActiveCfg = Release|Any CPU
		{C7D2066F-E46C-4666-9273-8BDF5347E4A9}.Release|Any CPU.Build.0 = Release|Any CPU
	EndGlobalSection
	GlobalSection(SolutionProperties) = preSolution
		HideSolutionNode = FALSE
	EndGlobalSection
	GlobalSection(ExtensibilityGlobals) = postSolution
		SolutionGuid = {6582E21B-4187-4199-9E79-7F82EF4D476D}
	EndGlobalSection
EndGlobal
